version: 5
environments:
  default:
    channels:
    - url: https://conda.anaconda.org/conda-forge/
    indexes:
    - https://pypi.org/simple
    packages:
      linux-64:
      - conda: https://conda.anaconda.org/conda-forge/linux-64/_libgcc_mutex-0.1-conda_forge.tar.bz2
      - conda: https://conda.anaconda.org/conda-forge/linux-64/_openmp_mutex-4.5-2_gnu.tar.bz2
      - conda: https://conda.anaconda.org/conda-forge/linux-64/bzip2-1.0.8-h4bc722e_7.conda
      - conda: https://conda.anaconda.org/conda-forge/linux-64/ca-certificates-2024.8.30-hbcca054_0.conda
      - conda: https://conda.anaconda.org/conda-forge/linux-64/ld_impl_linux-64-2.40-hf3520f5_7.conda
      - conda: https://conda.anaconda.org/conda-forge/linux-64/libexpat-2.6.2-h59595ed_0.conda
      - conda: https://conda.anaconda.org/conda-forge/linux-64/libffi-3.4.2-h7f98852_5.tar.bz2
      - conda: https://conda.anaconda.org/conda-forge/linux-64/libgcc-14.1.0-h77fa898_1.conda
      - conda: https://conda.anaconda.org/conda-forge/linux-64/libgcc-ng-14.1.0-h69a702a_1.conda
      - conda: https://conda.anaconda.org/conda-forge/linux-64/libgomp-14.1.0-h77fa898_1.conda
      - conda: https://conda.anaconda.org/conda-forge/linux-64/libnsl-2.0.1-hd590300_0.conda
      - conda: https://conda.anaconda.org/conda-forge/linux-64/libsqlite-3.46.0-hde9e2c9_0.conda
      - conda: https://conda.anaconda.org/conda-forge/linux-64/libuuid-2.38.1-h0b41bf4_0.conda
      - conda: https://conda.anaconda.org/conda-forge/linux-64/libxcrypt-4.4.36-hd590300_1.conda
      - conda: https://conda.anaconda.org/conda-forge/linux-64/libzlib-1.3.1-h4ab18f5_1.conda
      - conda: https://conda.anaconda.org/conda-forge/linux-64/ncurses-6.5-he02047a_1.conda
      - conda: https://conda.anaconda.org/conda-forge/linux-64/openssl-3.3.1-hb9d3cd8_3.conda
      - conda: https://conda.anaconda.org/conda-forge/linux-64/python-3.12.5-h2ad013b_0_cpython.conda
      - conda: https://conda.anaconda.org/conda-forge/linux-64/readline-8.2-h8228510_1.conda
      - conda: https://conda.anaconda.org/conda-forge/linux-64/tk-8.6.13-noxft_h4845f30_101.conda
      - conda: https://conda.anaconda.org/conda-forge/noarch/tzdata-2024a-h8827d51_1.conda
      - conda: https://conda.anaconda.org/conda-forge/linux-64/xz-5.2.6-h166bdaf_0.tar.bz2
      - pypi: https://files.pythonhosted.org/packages/6b/03/2cb0e5326e19b7d877bc9c3a7ef436a30a06835b638580d1f5e21a0409ed/atpublic-5.0-py3-none-any.whl
      - pypi: https://files.pythonhosted.org/packages/95/08/d6302a15d9f2ae57949efd28dbd3613aae5ae6655e92a104562dc2de159f/datafusion-40.1.0-cp38-abi3-manylinux_2_17_x86_64.manylinux2014_x86_64.whl
      - pypi: https://files.pythonhosted.org/packages/94/cd/919bf8b34d14d6dce23239ecd6f22198c55182b3e4bc1e337cbad32fc826/ibis_framework-9.3.0-py3-none-any.whl
      - pypi: https://files.pythonhosted.org/packages/b4/53/959881915048b09cf54852d08f13ad8706bd680205df8b17e9898e0eb63c/ibis_substrait-4.0.1-py3-none-any.whl
      - pypi: https://files.pythonhosted.org/packages/ef/a6/62565a6e1cf69e10f5727360368e451d4b7f58beeac6173dc9db836a5b46/iniconfig-2.0.0-py3-none-any.whl
      - pypi: https://files.pythonhosted.org/packages/48/3e/bf807eb050abc23adc556f34fcf931ca2d67ad8dfc9c17fcd9332c01347f/numpy-2.1.0-cp312-cp312-manylinux_2_17_x86_64.manylinux2014_x86_64.whl
      - pypi: https://files.pythonhosted.org/packages/08/aa/cc0199a5f0ad350994d660967a8efb233fe0416e4639146c089643407ce6/packaging-24.1-py3-none-any.whl
      - pypi: https://files.pythonhosted.org/packages/b3/05/1c84e2ebd1eb2817d92ae05a917e60e57b1c83f7b89e63c31df2cd6fcb70/parsy-2.1-py3-none-any.whl
      - pypi: https://files.pythonhosted.org/packages/88/5f/e351af9a41f866ac3f1fac4ca0613908d9a41741cfcf2228f4ad853b697d/pluggy-1.5.0-py3-none-any.whl
      - pypi: https://files.pythonhosted.org/packages/19/15/da43113361db20f2d521bc38d92549edbe06856aeec085c420b2b8af5751/protobuf-5.28.0-cp38-abi3-manylinux2014_x86_64.whl
      - pypi: https://files.pythonhosted.org/packages/f1/c4/9625418a1413005e486c006e56675334929fad864347c5ae7c1b2e7fe639/pyarrow-17.0.0-cp312-cp312-manylinux_2_28_x86_64.whl
      - pypi: https://files.pythonhosted.org/packages/0f/f9/cf155cf32ca7d6fa3601bc4c5dd19086af4b320b706919d48a4c79081cf9/pytest-8.3.2-py3-none-any.whl
      - pypi: https://files.pythonhosted.org/packages/ec/57/56b9bcc3c9c6a792fcbaf139543cee77261f3651ca9da0c93f5c1221264b/python_dateutil-2.9.0.post0-py2.py3-none-any.whl
      - pypi: https://files.pythonhosted.org/packages/9c/3d/a121f284241f08268b21359bd425f7d4825cffc5ac5cd0e1b3d82ffd2b10/pytz-2024.1-py2.py3-none-any.whl
      - pypi: https://files.pythonhosted.org/packages/b9/2b/614b4752f2e127db5cc206abc23a8c19678e92b23c3db30fc86ab731d3bd/PyYAML-6.0.2-cp312-cp312-manylinux_2_17_x86_64.manylinux2014_x86_64.whl
      - pypi: https://files.pythonhosted.org/packages/d9/5a/e7c31adbe875f2abbb91bd84cf2dc52d792b5a01506781dbcf25c91daf11/six-1.16.0-py2.py3-none-any.whl
      - pypi: https://files.pythonhosted.org/packages/dd/83/2ff14cf0eedd697902c665cf2a6e170340a662bd608d16d42467a6590c26/sqlglot-25.9.0-py3-none-any.whl
      - pypi: https://files.pythonhosted.org/packages/66/ca/731a15b98ff0af0447d756d4ca09708d141e4b5f6483cccf38db2cd1ad6c/substrait-0.22.0-py3-none-any.whl
      - pypi: https://files.pythonhosted.org/packages/b7/8a/d82202c9f89eab30f9fc05380daae87d617e2ad11571ab23d7c13a29bb54/toolz-0.12.1-py3-none-any.whl
      - pypi: https://files.pythonhosted.org/packages/26/9f/ad63fc0248c5379346306f8668cda6e2e2e9c95e01216d2b8ffd9ff037d0/typing_extensions-4.12.2-py3-none-any.whl
      - pypi: .
packages:
- kind: conda
  name: _libgcc_mutex
  version: '0.1'
  build: conda_forge
  subdir: linux-64
  url: https://conda.anaconda.org/conda-forge/linux-64/_libgcc_mutex-0.1-conda_forge.tar.bz2
  sha256: fe51de6107f9edc7aa4f786a70f4a883943bc9d39b3bb7307c04c41410990726
  md5: d7c89558ba9fa0495403155b64376d81
  license: None
  purls: []
  size: 2562
  timestamp: 1578324546067
- kind: conda
  name: _openmp_mutex
  version: '4.5'
  build: 2_gnu
  build_number: 16
  subdir: linux-64
  url: https://conda.anaconda.org/conda-forge/linux-64/_openmp_mutex-4.5-2_gnu.tar.bz2
  sha256: fbe2c5e56a653bebb982eda4876a9178aedfc2b545f25d0ce9c4c0b508253d22
  md5: 73aaf86a425cc6e73fcf236a5a46396d
  depends:
  - _libgcc_mutex 0.1 conda_forge
  - libgomp >=7.5.0
  constrains:
  - openmp_impl 9999
  license: BSD-3-Clause
  license_family: BSD
  purls: []
  size: 23621
  timestamp: 1650670423406
- kind: pypi
  name: atpublic
  version: '5.0'
  url: https://files.pythonhosted.org/packages/6b/03/2cb0e5326e19b7d877bc9c3a7ef436a30a06835b638580d1f5e21a0409ed/atpublic-5.0-py3-none-any.whl
  sha256: b651dcd886666b1042d1e38158a22a4f2c267748f4e97fde94bc492a4a28a3f3
  requires_python: '>=3.8'
- kind: conda
  name: bzip2
  version: 1.0.8
  build: h4bc722e_7
  build_number: 7
  subdir: linux-64
  url: https://conda.anaconda.org/conda-forge/linux-64/bzip2-1.0.8-h4bc722e_7.conda
  sha256: 5ced96500d945fb286c9c838e54fa759aa04a7129c59800f0846b4335cee770d
  md5: 62ee74e96c5ebb0af99386de58cf9553
  depends:
  - __glibc >=2.17,<3.0.a0
  - libgcc-ng >=12
  license: bzip2-1.0.6
  license_family: BSD
  purls: []
  size: 252783
  timestamp: 1720974456583
- kind: conda
  name: ca-certificates
  version: 2024.8.30
  build: hbcca054_0
  subdir: linux-64
  url: https://conda.anaconda.org/conda-forge/linux-64/ca-certificates-2024.8.30-hbcca054_0.conda
  sha256: afee721baa6d988e27fef1832f68d6f32ac8cc99cdf6015732224c2841a09cea
  md5: c27d1c142233b5bc9ca570c6e2e0c244
  license: ISC
  purls: []
  size: 159003
  timestamp: 1725018903918
- kind: pypi
  name: datafusion
  version: 40.1.0
  url: https://files.pythonhosted.org/packages/95/08/d6302a15d9f2ae57949efd28dbd3613aae5ae6655e92a104562dc2de159f/datafusion-40.1.0-cp38-abi3-manylinux_2_17_x86_64.manylinux2014_x86_64.whl
  sha256: be44d24971e73d324a3f41503bb091f48d171d50d1d2415b469ca5e3953b5a0e
  requires_dist:
  - pyarrow>=11.0.0
  - typing-extensions ; python_full_version < '3.13'
  requires_python: '>=3.6'
- kind: pypi
  name: ibis-framework
  version: 9.3.0
  url: https://files.pythonhosted.org/packages/94/cd/919bf8b34d14d6dce23239ecd6f22198c55182b3e4bc1e337cbad32fc826/ibis_framework-9.3.0-py3-none-any.whl
  sha256: 65142570205b29715d7bf81b24aea5bed758422e657aeaf7c9317a57c614cc33
  requires_dist:
  - atpublic>=2.3,<6
  - black>=22.1.0,<25 ; extra == 'decompiler'
  - clickhouse-connect[arrow,numpy,pandas]>=0.5.23,<1 ; extra == 'clickhouse'
  - dask[array,dataframe]>=2022.9.1,<2024.3.0 ; extra == 'dask'
  - datafusion>=0.6,<40 ; extra == 'datafusion'
  - db-dtypes>=0.3,<2 ; extra == 'bigquery'
  - deltalake>=0.9.0,<1 ; extra == 'deltalake'
  - duckdb>=0.8.1,<2 ; extra == 'duckdb'
  - fsspec<2024.6.2 ; extra == 'examples'
  - geoarrow-types>=0.2,<1 ; extra == 'geospatial'
  - geopandas>=0.6,<2 ; extra == 'geospatial'
  - google-cloud-bigquery>=3,<4 ; extra == 'bigquery'
  - google-cloud-bigquery-storage>=2,<3 ; extra == 'bigquery'
  - graphviz>=0.16,<1 ; extra == 'visualization'
  - impyla>=0.17,<1 ; extra == 'impala'
  - numpy>=1.23.2,<3 ; extra == 'bigquery' or extra == 'clickhouse' or extra == 'dask' or extra == 'datafusion' or extra == 'druid' or extra == 'duckdb' or extra == 'exasol' or extra == 'flink' or extra == 'impala' or extra == 'mssql' or extra == 'mysql' or extra == 'oracle' or extra == 'pandas' or extra == 'polars' or extra == 'postgres' or extra == 'pyspark' or extra == 'risingwave' or extra == 'snowflake' or extra == 'sqlite' or extra == 'trino'
  - oracledb>=1.3.1,<3 ; extra == 'oracle'
  - packaging>=21.3,<25 ; extra == 'dask' or extra == 'oracle' or extra == 'pandas' or extra == 'polars' or extra == 'pyspark'
  - pandas>=1.5.3,<3 ; extra == 'bigquery' or extra == 'clickhouse' or extra == 'dask' or extra == 'datafusion' or extra == 'druid' or extra == 'duckdb' or extra == 'exasol' or extra == 'flink' or extra == 'impala' or extra == 'mssql' or extra == 'mysql' or extra == 'oracle' or extra == 'pandas' or extra == 'polars' or extra == 'postgres' or extra == 'pyspark' or extra == 'risingwave' or extra == 'snowflake' or extra == 'sqlite' or extra == 'trino'
  - parsy>=2,<3
  - pins[gcs]>=0.8.3,<1 ; extra == 'examples'
  - polars>=1,<2 ; extra == 'polars'
  - psycopg2>=2.8.4,<3 ; extra == 'postgres' or extra == 'risingwave'
  - pyarrow>=10.0.1,<18 ; extra == 'bigquery' or extra == 'clickhouse' or extra == 'dask' or extra == 'datafusion' or extra == 'druid' or extra == 'duckdb' or extra == 'exasol' or extra == 'flink' or extra == 'impala' or extra == 'mssql' or extra == 'mysql' or extra == 'oracle' or extra == 'pandas' or extra == 'polars' or extra == 'postgres' or extra == 'pyspark' or extra == 'risingwave' or extra == 'snowflake' or extra == 'sqlite' or extra == 'trino'
  - pyarrow-hotfix>=0.4,<1 ; extra == 'bigquery' or extra == 'clickhouse' or extra == 'dask' or extra == 'datafusion' or extra == 'druid' or extra == 'duckdb' or extra == 'exasol' or extra == 'flink' or extra == 'impala' or extra == 'mssql' or extra == 'mysql' or extra == 'oracle' or extra == 'pandas' or extra == 'polars' or extra == 'postgres' or extra == 'pyspark' or extra == 'risingwave' or extra == 'snowflake' or extra == 'sqlite' or extra == 'trino'
  - pydata-google-auth>=1.4.0,<2 ; extra == 'bigquery'
  - pydruid>=0.6.7,<1 ; extra == 'druid'
  - pyexasol[pandas]>=0.25.2,<1 ; extra == 'exasol'
  - pymysql>=1,<2 ; extra == 'mysql'
  - pyodbc>=4.0.39,<6 ; extra == 'mssql'
  - pyproj>=3.3.0,<4 ; extra == 'geospatial'
  - pyspark>=3.3.3,<4 ; extra == 'pyspark'
  - python-dateutil>=2.8.2,<3
  - pytz>=2022.7
  - regex>=2021.7.6 ; extra == 'dask' or extra == 'pandas' or extra == 'sqlite'
  - rich>=12.4.4,<14 ; extra == 'bigquery' or extra == 'clickhouse' or extra == 'dask' or extra == 'datafusion' or extra == 'druid' or extra == 'duckdb' or extra == 'exasol' or extra == 'flink' or extra == 'impala' or extra == 'mssql' or extra == 'mysql' or extra == 'oracle' or extra == 'pandas' or extra == 'polars' or extra == 'postgres' or extra == 'pyspark' or extra == 'risingwave' or extra == 'snowflake' or extra == 'sqlite' or extra == 'trino'
  - shapely>=2,<3 ; extra == 'geospatial'
  - snowflake-connector-python>=3.0.2,<4,!=3.3.0b1 ; extra == 'snowflake'
  - sqlglot>=23.4,<25.10
  - toolz>=0.11,<1
  - trino>=0.321,<1 ; extra == 'trino'
  - typing-extensions>=4.3.0,<5
  requires_python: '>=3.10,<4.0'
- kind: pypi
  name: ibis-substrait
  version: 4.0.1
  url: https://files.pythonhosted.org/packages/b4/53/959881915048b09cf54852d08f13ad8706bd680205df8b17e9898e0eb63c/ibis_substrait-4.0.1-py3-none-any.whl
  sha256: 107ca49383a3cca2fdc88f67ea2f0172620c16fa8f39c9c52305af85dd6180b4
  requires_dist:
  - ibis-framework>=9,<10
  - packaging>=21.3
  - pyyaml>=5
  - substrait>=0.2.1
  requires_python: '>=3.9,<4'
- kind: pypi
  name: iniconfig
  version: 2.0.0
  url: https://files.pythonhosted.org/packages/ef/a6/62565a6e1cf69e10f5727360368e451d4b7f58beeac6173dc9db836a5b46/iniconfig-2.0.0-py3-none-any.whl
  sha256: b6a85871a79d2e3b22d2d1b94ac2824226a63c6b741c88f7ae975f18b6778374
  requires_python: '>=3.7'
- kind: conda
  name: ld_impl_linux-64
  version: '2.40'
  build: hf3520f5_7
  build_number: 7
  subdir: linux-64
  url: https://conda.anaconda.org/conda-forge/linux-64/ld_impl_linux-64-2.40-hf3520f5_7.conda
  sha256: 764b6950aceaaad0c67ef925417594dd14cd2e22fff864aeef455ac259263d15
  md5: b80f2f396ca2c28b8c14c437a4ed1e74
  constrains:
  - binutils_impl_linux-64 2.40
  license: GPL-3.0-only
  license_family: GPL
  purls: []
  size: 707602
  timestamp: 1718625640445
- kind: conda
  name: libexpat
  version: 2.6.2
  build: h59595ed_0
  subdir: linux-64
  url: https://conda.anaconda.org/conda-forge/linux-64/libexpat-2.6.2-h59595ed_0.conda
  sha256: 331bb7c7c05025343ebd79f86ae612b9e1e74d2687b8f3179faec234f986ce19
  md5: e7ba12deb7020dd080c6c70e7b6f6a3d
  depends:
  - libgcc-ng >=12
  constrains:
  - expat 2.6.2.*
  license: MIT
  license_family: MIT
  purls: []
  size: 73730
  timestamp: 1710362120304
- kind: conda
  name: libffi
  version: 3.4.2
  build: h7f98852_5
  build_number: 5
  subdir: linux-64
  url: https://conda.anaconda.org/conda-forge/linux-64/libffi-3.4.2-h7f98852_5.tar.bz2
  sha256: ab6e9856c21709b7b517e940ae7028ae0737546122f83c2aa5d692860c3b149e
  md5: d645c6d2ac96843a2bfaccd2d62b3ac3
  depends:
  - libgcc-ng >=9.4.0
  license: MIT
  license_family: MIT
  purls: []
  size: 58292
  timestamp: 1636488182923
- kind: conda
  name: libgcc
  version: 14.1.0
  build: h77fa898_1
  build_number: 1
  subdir: linux-64
  url: https://conda.anaconda.org/conda-forge/linux-64/libgcc-14.1.0-h77fa898_1.conda
  sha256: 10fa74b69266a2be7b96db881e18fa62cfa03082b65231e8d652e897c4b335a3
  md5: 002ef4463dd1e2b44a94a4ace468f5d2
  depends:
  - _libgcc_mutex 0.1 conda_forge
  - _openmp_mutex >=4.5
  constrains:
  - libgomp 14.1.0 h77fa898_1
  - libgcc-ng ==14.1.0=*_1
  license: GPL-3.0-only WITH GCC-exception-3.1
  license_family: GPL
  purls: []
  size: 846380
  timestamp: 1724801836552
- kind: conda
  name: libgcc-ng
  version: 14.1.0
  build: h69a702a_1
  build_number: 1
  subdir: linux-64
  url: https://conda.anaconda.org/conda-forge/linux-64/libgcc-ng-14.1.0-h69a702a_1.conda
  sha256: b91f7021e14c3d5c840fbf0dc75370d6e1f7c7ff4482220940eaafb9c64613b7
  md5: 1efc0ad219877a73ef977af7dbb51f17
  depends:
  - libgcc 14.1.0 h77fa898_1
  license: GPL-3.0-only WITH GCC-exception-3.1
  license_family: GPL
  purls: []
  size: 52170
  timestamp: 1724801842101
- kind: conda
  name: libgomp
  version: 14.1.0
  build: h77fa898_1
  build_number: 1
  subdir: linux-64
  url: https://conda.anaconda.org/conda-forge/linux-64/libgomp-14.1.0-h77fa898_1.conda
  sha256: c96724c8ae4ee61af7674c5d9e5a3fbcf6cd887a40ad5a52c99aa36f1d4f9680
  md5: 23c255b008c4f2ae008f81edcabaca89
  depends:
  - _libgcc_mutex 0.1 conda_forge
  license: GPL-3.0-only WITH GCC-exception-3.1
  license_family: GPL
  purls: []
  size: 460218
  timestamp: 1724801743478
- kind: conda
  name: libnsl
  version: 2.0.1
  build: hd590300_0
  subdir: linux-64
  url: https://conda.anaconda.org/conda-forge/linux-64/libnsl-2.0.1-hd590300_0.conda
  sha256: 26d77a3bb4dceeedc2a41bd688564fe71bf2d149fdcf117049970bc02ff1add6
  md5: 30fd6e37fe21f86f4bd26d6ee73eeec7
  depends:
  - libgcc-ng >=12
  license: LGPL-2.1-only
  license_family: GPL
  purls: []
  size: 33408
  timestamp: 1697359010159
- kind: conda
  name: libsqlite
  version: 3.46.0
  build: hde9e2c9_0
  subdir: linux-64
  url: https://conda.anaconda.org/conda-forge/linux-64/libsqlite-3.46.0-hde9e2c9_0.conda
  sha256: daee3f68786231dad457d0dfde3f7f1f9a7f2018adabdbb864226775101341a8
  md5: 18aa975d2094c34aef978060ae7da7d8
  depends:
  - libgcc-ng >=12
  - libzlib >=1.2.13,<2.0a0
  license: Unlicense
  purls: []
  size: 865346
  timestamp: 1718050628718
- kind: conda
  name: libuuid
  version: 2.38.1
  build: h0b41bf4_0
  subdir: linux-64
  url: https://conda.anaconda.org/conda-forge/linux-64/libuuid-2.38.1-h0b41bf4_0.conda
  sha256: 787eb542f055a2b3de553614b25f09eefb0a0931b0c87dbcce6efdfd92f04f18
  md5: 40b61aab5c7ba9ff276c41cfffe6b80b
  depends:
  - libgcc-ng >=12
  license: BSD-3-Clause
  license_family: BSD
  purls: []
  size: 33601
  timestamp: 1680112270483
- kind: conda
  name: libxcrypt
  version: 4.4.36
  build: hd590300_1
  build_number: 1
  subdir: linux-64
  url: https://conda.anaconda.org/conda-forge/linux-64/libxcrypt-4.4.36-hd590300_1.conda
  sha256: 6ae68e0b86423ef188196fff6207ed0c8195dd84273cb5623b85aa08033a410c
  md5: 5aa797f8787fe7a17d1b0821485b5adc
  depends:
  - libgcc-ng >=12
  license: LGPL-2.1-or-later
  purls: []
  size: 100393
  timestamp: 1702724383534
- kind: conda
  name: libzlib
  version: 1.3.1
  build: h4ab18f5_1
  build_number: 1
  subdir: linux-64
  url: https://conda.anaconda.org/conda-forge/linux-64/libzlib-1.3.1-h4ab18f5_1.conda
  sha256: adf6096f98b537a11ae3729eaa642b0811478f0ea0402ca67b5108fe2cb0010d
  md5: 57d7dc60e9325e3de37ff8dffd18e814
  depends:
  - libgcc-ng >=12
  constrains:
  - zlib 1.3.1 *_1
  license: Zlib
  license_family: Other
  purls: []
  size: 61574
  timestamp: 1716874187109
- kind: conda
  name: ncurses
  version: '6.5'
  build: he02047a_1
  build_number: 1
  subdir: linux-64
  url: https://conda.anaconda.org/conda-forge/linux-64/ncurses-6.5-he02047a_1.conda
  sha256: 6a1d5d8634c1a07913f1c525db6455918cbc589d745fac46d9d6e30340c8731a
  md5: 70caf8bb6cf39a0b6b7efc885f51c0fe
  depends:
  - __glibc >=2.17,<3.0.a0
  - libgcc-ng >=12
  license: X11 AND BSD-3-Clause
  purls: []
  size: 889086
  timestamp: 1724658547447
- kind: pypi
  name: numpy
  version: 2.1.0
  url: https://files.pythonhosted.org/packages/48/3e/bf807eb050abc23adc556f34fcf931ca2d67ad8dfc9c17fcd9332c01347f/numpy-2.1.0-cp312-cp312-manylinux_2_17_x86_64.manylinux2014_x86_64.whl
  sha256: 24003ba8ff22ea29a8c306e61d316ac74111cebf942afbf692df65509a05f111
  requires_python: '>=3.10'
- kind: conda
  name: openssl
  version: 3.3.1
  build: hb9d3cd8_3
  build_number: 3
  subdir: linux-64
  url: https://conda.anaconda.org/conda-forge/linux-64/openssl-3.3.1-hb9d3cd8_3.conda
  sha256: 9e27441b273a7cf9071f6e88ba9ad565d926d8083b154c64a74b99fba167b137
  md5: 6c566a46baae794daf34775d41eb180a
  depends:
  - __glibc >=2.17,<3.0.a0
  - ca-certificates
  - libgcc-ng >=13
  license: Apache-2.0
  license_family: Apache
  purls: []
  size: 2892042
  timestamp: 1724402701933
- kind: pypi
  name: packaging
  version: '24.1'
  url: https://files.pythonhosted.org/packages/08/aa/cc0199a5f0ad350994d660967a8efb233fe0416e4639146c089643407ce6/packaging-24.1-py3-none-any.whl
  sha256: 5b8f2217dbdbd2f7f384c41c628544e6d52f2d0f53c6d0c3ea61aa5d1d7ff124
  requires_python: '>=3.8'
- kind: pypi
  name: parsy
  version: '2.1'
  url: https://files.pythonhosted.org/packages/b3/05/1c84e2ebd1eb2817d92ae05a917e60e57b1c83f7b89e63c31df2cd6fcb70/parsy-2.1-py3-none-any.whl
  sha256: 8f18e7b11985e7802e7e3ecbd8291c6ca243d29820b1186e4c84605db4efffa0
  requires_python: '>=3.7'
- kind: pypi
  name: pluggy
  version: 1.5.0
  url: https://files.pythonhosted.org/packages/88/5f/e351af9a41f866ac3f1fac4ca0613908d9a41741cfcf2228f4ad853b697d/pluggy-1.5.0-py3-none-any.whl
  sha256: 44e1ad92c8ca002de6377e165f3e0f1be63266ab4d554740532335b9d75ea669
  requires_dist:
  - pre-commit ; extra == 'dev'
  - tox ; extra == 'dev'
  - pytest ; extra == 'testing'
  - pytest-benchmark ; extra == 'testing'
  requires_python: '>=3.8'
- kind: pypi
  name: protobuf
  version: 5.28.0
  url: https://files.pythonhosted.org/packages/19/15/da43113361db20f2d521bc38d92549edbe06856aeec085c420b2b8af5751/protobuf-5.28.0-cp38-abi3-manylinux2014_x86_64.whl
  sha256: 6206afcb2d90181ae8722798dcb56dc76675ab67458ac24c0dd7d75d632ac9bd
  requires_python: '>=3.8'
- kind: pypi
  name: pyarrow
  version: 17.0.0
  url: https://files.pythonhosted.org/packages/f1/c4/9625418a1413005e486c006e56675334929fad864347c5ae7c1b2e7fe639/pyarrow-17.0.0-cp312-cp312-manylinux_2_28_x86_64.whl
  sha256: b0c6ac301093b42d34410b187bba560b17c0330f64907bfa4f7f7f2444b0cf9b
  requires_dist:
  - numpy>=1.16.6
  - pytest ; extra == 'test'
  - hypothesis ; extra == 'test'
  - cffi ; extra == 'test'
  - pytz ; extra == 'test'
  - pandas ; extra == 'test'
  requires_python: '>=3.8'
- kind: pypi
  name: pytest
  version: 8.3.2
  url: https://files.pythonhosted.org/packages/0f/f9/cf155cf32ca7d6fa3601bc4c5dd19086af4b320b706919d48a4c79081cf9/pytest-8.3.2-py3-none-any.whl
  sha256: 4ba08f9ae7dcf84ded419494d229b48d0903ea6407b030eaec46df5e6a73bba5
  requires_dist:
  - iniconfig
  - packaging
  - pluggy<2,>=1.5
  - exceptiongroup>=1.0.0rc8 ; python_full_version < '3.11'
  - tomli>=1 ; python_full_version < '3.11'
  - colorama ; sys_platform == 'win32'
  - argcomplete ; extra == 'dev'
  - attrs>=19.2 ; extra == 'dev'
  - hypothesis>=3.56 ; extra == 'dev'
  - mock ; extra == 'dev'
  - pygments>=2.7.2 ; extra == 'dev'
  - requests ; extra == 'dev'
  - setuptools ; extra == 'dev'
  - xmlschema ; extra == 'dev'
  requires_python: '>=3.8'
- kind: conda
  name: python
  version: 3.12.5
  build: h2ad013b_0_cpython
  subdir: linux-64
  url: https://conda.anaconda.org/conda-forge/linux-64/python-3.12.5-h2ad013b_0_cpython.conda
  sha256: e2aad83838988725d4ffba4e9717b9328054fd18a668cff3377e0c50f109e8bd
  md5: 9c56c4df45f6571b13111d8df2448692
  depends:
  - __glibc >=2.17,<3.0.a0
  - bzip2 >=1.0.8,<2.0a0
  - ld_impl_linux-64 >=2.36.1
  - libexpat >=2.6.2,<3.0a0
  - libffi >=3.4,<4.0a0
  - libgcc-ng >=12
  - libnsl >=2.0.1,<2.1.0a0
  - libsqlite >=3.46.0,<4.0a0
  - libuuid >=2.38.1,<3.0a0
  - libxcrypt >=4.4.36
  - libzlib >=1.3.1,<2.0a0
  - ncurses >=6.5,<7.0a0
  - openssl >=3.3.1,<4.0a0
  - readline >=8.2,<9.0a0
  - tk >=8.6.13,<8.7.0a0
  - tzdata
  - xz >=5.2.6,<6.0a0
  constrains:
  - python_abi 3.12.* *_cp312
  license: Python-2.0
  purls: []
  size: 31663253
  timestamp: 1723143721353
- kind: pypi
  name: python-dateutil
  version: 2.9.0.post0
  url: https://files.pythonhosted.org/packages/ec/57/56b9bcc3c9c6a792fcbaf139543cee77261f3651ca9da0c93f5c1221264b/python_dateutil-2.9.0.post0-py2.py3-none-any.whl
  sha256: a8b2bc7bffae282281c8140a97d3aa9c14da0b136dfe83f850eea9a5f7470427
  requires_dist:
  - six>=1.5
  requires_python: '!=3.0.*,!=3.1.*,!=3.2.*,>=2.7'
- kind: pypi
  name: pytz
  version: '2024.1'
  url: https://files.pythonhosted.org/packages/9c/3d/a121f284241f08268b21359bd425f7d4825cffc5ac5cd0e1b3d82ffd2b10/pytz-2024.1-py2.py3-none-any.whl
  sha256: 328171f4e3623139da4983451950b28e95ac706e13f3f2630a879749e7a8b319
- kind: pypi
  name: pyyaml
  version: 6.0.2
  url: https://files.pythonhosted.org/packages/b9/2b/614b4752f2e127db5cc206abc23a8c19678e92b23c3db30fc86ab731d3bd/PyYAML-6.0.2-cp312-cp312-manylinux_2_17_x86_64.manylinux2014_x86_64.whl
  sha256: 80bab7bfc629882493af4aa31a4cfa43a4c57c83813253626916b8c7ada83476
  requires_python: '>=3.8'
- kind: conda
  name: readline
  version: '8.2'
  build: h8228510_1
  build_number: 1
  subdir: linux-64
  url: https://conda.anaconda.org/conda-forge/linux-64/readline-8.2-h8228510_1.conda
  sha256: 5435cf39d039387fbdc977b0a762357ea909a7694d9528ab40f005e9208744d7
  md5: 47d31b792659ce70f470b5c82fdfb7a4
  depends:
  - libgcc-ng >=12
  - ncurses >=6.3,<7.0a0
  license: GPL-3.0-only
  license_family: GPL
  purls: []
  size: 281456
  timestamp: 1679532220005
- kind: pypi
  name: six
  version: 1.16.0
  url: https://files.pythonhosted.org/packages/d9/5a/e7c31adbe875f2abbb91bd84cf2dc52d792b5a01506781dbcf25c91daf11/six-1.16.0-py2.py3-none-any.whl
  sha256: 8abb2f1d86890a2dfb989f9a77cfcfd3e47c2a354b01111771326f8aa26e0254
  requires_python: '>=2.7,!=3.0.*,!=3.1.*,!=3.2.*'
- kind: pypi
  name: sqlglot
  version: 25.9.0
  url: https://files.pythonhosted.org/packages/dd/83/2ff14cf0eedd697902c665cf2a6e170340a662bd608d16d42467a6590c26/sqlglot-25.9.0-py3-none-any.whl
  sha256: 6299c246435f680edc0c1be9af1faa55176625f69b23c49229f3208960e04927
  requires_dist:
  - duckdb>=0.6 ; extra == 'dev'
  - mypy ; extra == 'dev'
  - pandas ; extra == 'dev'
  - pandas-stubs ; extra == 'dev'
  - python-dateutil ; extra == 'dev'
  - pdoc ; extra == 'dev'
  - pre-commit ; extra == 'dev'
  - ruff==0.4.3 ; extra == 'dev'
  - types-python-dateutil ; extra == 'dev'
  - typing-extensions ; extra == 'dev'
  - maturin<2.0,>=1.4 ; extra == 'dev'
  - sqlglotrs==0.2.8 ; extra == 'rs'
  requires_python: '>=3.7'
- kind: pypi
  name: subframe
  version: 0.0.1
  path: .
  sha256: c9bdce44274855dc992ec90f1e57015f024087820443eee46c14744e24d4c0fe
  requires_dist:
  - ibis-framework
  - ibis-substrait
  - pyarrow
  - pytest
  - datafusion
  requires_python: '>=3.9'
  editable: true
- kind: pypi
  name: substrait
  version: 0.22.0
  url: https://files.pythonhosted.org/packages/66/ca/731a15b98ff0af0447d756d4ca09708d141e4b5f6483cccf38db2cd1ad6c/substrait-0.22.0-py3-none-any.whl
  sha256: c26556c8eabc922138e0749e7a8fb024af5db2d7ddc2a8004fad1d30daf90531
  requires_dist:
  - protobuf>=3.20
  - protobuf==3.20.1 ; extra == 'gen-proto'
  - protoletariat>=2.0.0 ; extra == 'gen-proto'
  - pytest>=7.0.0 ; extra == 'test'
  requires_python: '>=3.8.1'
- kind: conda
  name: tk
  version: 8.6.13
  build: noxft_h4845f30_101
  build_number: 101
  subdir: linux-64
  url: https://conda.anaconda.org/conda-forge/linux-64/tk-8.6.13-noxft_h4845f30_101.conda
  sha256: e0569c9caa68bf476bead1bed3d79650bb080b532c64a4af7d8ca286c08dea4e
  md5: d453b98d9c83e71da0741bb0ff4d76bc
  depends:
  - libgcc-ng >=12
  - libzlib >=1.2.13,<2.0.0a0
  license: TCL
  license_family: BSD
  purls: []
  size: 3318875
  timestamp: 1699202167581
- kind: pypi
  name: toolz
  version: 0.12.1
  url: https://files.pythonhosted.org/packages/b7/8a/d82202c9f89eab30f9fc05380daae87d617e2ad11571ab23d7c13a29bb54/toolz-0.12.1-py3-none-any.whl
  sha256: d22731364c07d72eea0a0ad45bafb2c2937ab6fd38a3507bf55eae8744aa7d85
  requires_python: '>=3.7'
- kind: pypi
  name: typing-extensions
  version: 4.12.2
  url: https://files.pythonhosted.org/packages/26/9f/ad63fc0248c5379346306f8668cda6e2e2e9c95e01216d2b8ffd9ff037d0/typing_extensions-4.12.2-py3-none-any.whl
  sha256: 04e5ca0351e0f3f85c6853954072df659d0d13fac324d0072316b67d7794700d
  requires_python: '>=3.8'
- kind: conda
  name: tzdata
  version: 2024a
  build: h8827d51_1
  build_number: 1
  subdir: noarch
  noarch: generic
  url: https://conda.anaconda.org/conda-forge/noarch/tzdata-2024a-h8827d51_1.conda
  sha256: 7d21c95f61319dba9209ca17d1935e6128af4235a67ee4e57a00908a1450081e
  md5: 8bfdead4e0fff0383ae4c9c50d0531bd
  license: LicenseRef-Public-Domain
  purls: []
  size: 124164
  timestamp: 1724736371498
- kind: conda
  name: xz
  version: 5.2.6
  build: h166bdaf_0
  subdir: linux-64
  url: https://conda.anaconda.org/conda-forge/linux-64/xz-5.2.6-h166bdaf_0.tar.bz2
  sha256: 03a6d28ded42af8a347345f82f3eebdd6807a08526d47899a42d62d319609162
  md5: 2161070d867d1b1204ea749c8eec4ef0
  depends:
  - libgcc-ng >=12
  license: LGPL-2.1 and GPL-2.0
  purls: []
  size: 418368
  timestamp: 1660346797927
