# This file was autogenerated by uv via the following command:
#    uv pip compile pyproject.toml --output-file requirements.lock
adbc-driver-manager==1.2.0
    # via subframe (pyproject.toml)
antlr4-python3-runtime==4.13.2
    # via subframe (pyproject.toml)
atpublic==5.0
    # via ibis-framework
datafusion==42.0.0
    # via subframe (pyproject.toml)
duckdb==1.1.1
    # via ibis-framework
exceptiongroup==1.2.2
    # via pytest
ibis-framework==9.5.0
    # via
    #   subframe (pyproject.toml)
    #   ibis-substrait
ibis-substrait==4.0.1
    # via subframe (pyproject.toml)
iniconfig==2.0.0
    # via pytest
markdown-it-py==3.0.0
    # via rich
mdurl==0.1.2
    # via markdown-it-py
numpy==2.1.2
    # via
    #   ibis-framework
    #   pandas
    #   pyarrow
packaging==24.1
    # via
    #   ibis-framework
    #   ibis-substrait
    #   pytest
pandas==2.2.3
    # via ibis-framework
parsy==2.1
    # via ibis-framework
pluggy==1.5.0
    # via pytest
protobuf==5.28.2
    # via substrait
pyarrow==17.0.0
    # via
    #   subframe (pyproject.toml)
    #   datafusion
    #   ibis-framework
pyarrow-hotfix==0.6
    # via ibis-framework
pygments==2.18.0
    # via rich
pytest==8.3.3
    # via subframe (pyproject.toml)
python-dateutil==2.9.0.post0
    # via
    #   ibis-framework
    #   pandas
pytz==2024.2
    # via
    #   ibis-framework
    #   pandas
pyyaml==6.0.2
    # via ibis-substrait
rich==13.9.2
    # via ibis-framework
six==1.16.0
    # via python-dateutil
sqlglot==25.20.2
    # via ibis-framework
substrait==0.23.0
    # via ibis-substrait
tomli==2.0.2
    # via pytest
toolz==0.12.1
    # via ibis-framework
typing-extensions==4.12.2
    # via
    #   adbc-driver-manager
    #   datafusion
    #   ibis-framework
    #   rich
tzdata==2024.2
    # via pandas
